
Microsoft Visual Studio Solution File, Format Version 12.00
# Visual Studio 2012
Project("{FAE04EC0-301F-11D3-BF4B-00C04F79EFBC}") = "MailboxPermissionsManager", "MailboxPermissionsManager\MailboxPermissionsManager.csproj", "{D0E1739D-0BF0-4B81-8FE7-A9ED13952191}"
EndProject
Global
	GlobalSection(SolutionConfigurationPlatforms) = preSolution
		Debug|Any CPU = Debug|Any CPU
		Release|Any CPU = Release|Any CPU
	EndGlobalSection
	GlobalSection(ProjectConfigurationPlatforms) = postSolution
		{D0E1739D-0BF0-4B81-8FE7-A9ED13952191}.Debug|Any CPU.ActiveCfg = Debug|Any CPU
		{D0E1739D-0BF0-4B81-8FE7-A9ED13952191}.Debug|Any CPU.Build.0 = Debug|Any CPU
		{D0E1739D-0BF0-4B81-8FE7-A9ED13952191}.Release|Any CPU.ActiveCfg = Release|Any CPU
		{D0E1739D-0BF0-4B81-8FE7-A9ED13952191}.Release|Any CPU.Build.0 = Release|Any CPU
	EndGlobalSection
	GlobalSection(SolutionProperties) = preSolution
		HideSolutionNode = FALSE
	EndGlobalSection
EndGlobal
